
Microsoft Visual Studio Solution File, Format Version 12.00
# Visual Studio Version 17
VisualStudioVersion = 17.6.33829.357
MinimumVisualStudioVersion = 10.0.40219.1
Project("{FAE04EC0-301F-11D3-BF4B-00C04F79EFBC}") = "NewConsoleAP", "NewConsoleAP.csproj", "{C7C7D988-D35B-4758-A085-30E0B59BEB39}"
EndProject
Global
	GlobalSection(SolutionConfigurationPlatforms) = preSolution
		Debug|Any CPU = Debug|Any CPU
		Release|Any CPU = Release|Any CPU
	EndGlobalSection
	GlobalSection(ProjectConfigurationPlatforms) = postSolution
		{C7C7D988-D35B-4758-A085-30E0B59BEB39}.Debug|Any CPU.ActiveCfg = Debug|Any CPU
		{C7C7D988-D35B-4758-A085-30E0B59BEB39}.Debug|Any CPU.Build.0 = Debug|Any CPU
		{C7C7D988-D35B-4758-A085-30E0B59BEB39}.Release|Any CPU.ActiveCfg = Release|Any CPU
		{C7C7D988-D35B-4758-A085-30E0B59BEB39}.Release|Any CPU.Build.0 = Release|Any CPU
	EndGlobalSection
	GlobalSection(SolutionProperties) = preSolution
		HideSolutionNode = FALSE
	EndGlobalSection
	GlobalSection(ExtensibilityGlobals) = postSolution
		SolutionGuid = {4B2EC132-3EC6-45F5-B87A-5CC0367C9EF3}
	EndGlobalSection
EndGlobal
