
Microsoft Visual Studio Solution File, Format Version 12.00
# Visual Studio Version 17
VisualStudioVersion = 17.6.33829.357
MinimumVisualStudioVersion = 10.0.40219.1
Project("{FAE04EC0-301F-11D3-BF4B-00C04F79EFBC}") = "Tic-Tac-Teo-Game", "Tic-Tac-Teo-Game.csproj", "{BF675251-B686-45D5-B54A-65408181F42B}"
EndProject
Global
	GlobalSection(SolutionConfigurationPlatforms) = preSolution
		Debug|Any CPU = Debug|Any CPU
		Release|Any CPU = Release|Any CPU
	EndGlobalSection
	GlobalSection(ProjectConfigurationPlatforms) = postSolution
		{BF675251-B686-45D5-B54A-65408181F42B}.Debug|Any CPU.ActiveCfg = Debug|Any CPU
		{BF675251-B686-45D5-B54A-65408181F42B}.Debug|Any CPU.Build.0 = Debug|Any CPU
		{BF675251-B686-45D5-B54A-65408181F42B}.Release|Any CPU.ActiveCfg = Release|Any CPU
		{BF675251-B686-45D5-B54A-65408181F42B}.Release|Any CPU.Build.0 = Release|Any CPU
	EndGlobalSection
	GlobalSection(SolutionProperties) = preSolution
		HideSolutionNode = FALSE
	EndGlobalSection
	GlobalSection(ExtensibilityGlobals) = postSolution
		SolutionGuid = {739BC05A-4FE2-47C6-8185-CDD4AE08C59D}
	EndGlobalSection
EndGlobal
