
Microsoft Visual Studio Solution File, Format Version 12.00
# Visual Studio Version 17
VisualStudioVersion = 17.6.33829.357
MinimumVisualStudioVersion = 10.0.40219.1
Project("{FAE04EC0-301F-11D3-BF4B-00C04F79EFBC}") = "PizzaOrder", "PizzaOrder.csproj", "{94A92F20-7180-4BD5-B533-482E1A4EC5ED}"
EndProject
Global
	GlobalSection(SolutionConfigurationPlatforms) = preSolution
		Debug|Any CPU = Debug|Any CPU
		Release|Any CPU = Release|Any CPU
	EndGlobalSection
	GlobalSection(ProjectConfigurationPlatforms) = postSolution
		{94A92F20-7180-4BD5-B533-482E1A4EC5ED}.Debug|Any CPU.ActiveCfg = Debug|Any CPU
		{94A92F20-7180-4BD5-B533-482E1A4EC5ED}.Debug|Any CPU.Build.0 = Debug|Any CPU
		{94A92F20-7180-4BD5-B533-482E1A4EC5ED}.Release|Any CPU.ActiveCfg = Release|Any CPU
		{94A92F20-7180-4BD5-B533-482E1A4EC5ED}.Release|Any CPU.Build.0 = Release|Any CPU
	EndGlobalSection
	GlobalSection(SolutionProperties) = preSolution
		HideSolutionNode = FALSE
	EndGlobalSection
	GlobalSection(ExtensibilityGlobals) = postSolution
		SolutionGuid = {48853455-249A-44AF-8E1C-2221C49522A3}
	EndGlobalSection
EndGlobal
